
Microsoft Visual Studio Solution File, Format Version 12.00
# Visual Studio Version 17
VisualStudioVersion = 17.0.31903.59
MinimumVisualStudioVersion = 10.0.40219.1
Project("{FAE04EC0-301F-11D3-BF4B-00C04F79EFBC}") = "API", "Api\API.csproj", "{3A52F101-E94B-457C-ACCB-6391E35AFC69}"
EndProject
Project("{FAE04EC0-301F-11D3-BF4B-00C04F79EFBC}") = "Infrastructure", "Infrastructure\Infrastructure.csproj", "{C18551DC-36CD-4F41-BBBB-63EE7DBB6EAC}"
EndProject
Project("{FAE04EC0-301F-11D3-BF4B-00C04F79EFBC}") = "Core", "Core\Core.csproj", "{64D4613D-730F-4B9A-8AEB-4AF1EE37A19D}"
EndProject
Global
	GlobalSection(SolutionConfigurationPlatforms) = preSolution
		Debug|Any CPU = Debug|Any CPU
		Release|Any CPU = Release|Any CPU
	EndGlobalSection
	GlobalSection(SolutionProperties) = preSolution
		HideSolutionNode = FALSE
	EndGlobalSection
	GlobalSection(ProjectConfigurationPlatforms) = postSolution
		{3A52F101-E94B-457C-ACCB-6391E35AFC69}.Debug|Any CPU.ActiveCfg = Debug|Any CPU
		{3A52F101-E94B-457C-ACCB-6391E35AFC69}.Debug|Any CPU.Build.0 = Debug|Any CPU
		{3A52F101-E94B-457C-ACCB-6391E35AFC69}.Release|Any CPU.ActiveCfg = Release|Any CPU
		{3A52F101-E94B-457C-ACCB-6391E35AFC69}.Release|Any CPU.Build.0 = Release|Any CPU
		{C18551DC-36CD-4F41-BBBB-63EE7DBB6EAC}.Debug|Any CPU.ActiveCfg = Debug|Any CPU
		{C18551DC-36CD-4F41-BBBB-63EE7DBB6EAC}.Debug|Any CPU.Build.0 = Debug|Any CPU
		{C18551DC-36CD-4F41-BBBB-63EE7DBB6EAC}.Release|Any CPU.ActiveCfg = Release|Any CPU
		{C18551DC-36CD-4F41-BBBB-63EE7DBB6EAC}.Release|Any CPU.Build.0 = Release|Any CPU
		{64D4613D-730F-4B9A-8AEB-4AF1EE37A19D}.Debug|Any CPU.ActiveCfg = Debug|Any CPU
		{64D4613D-730F-4B9A-8AEB-4AF1EE37A19D}.Debug|Any CPU.Build.0 = Debug|Any CPU
		{64D4613D-730F-4B9A-8AEB-4AF1EE37A19D}.Release|Any CPU.ActiveCfg = Release|Any CPU
		{64D4613D-730F-4B9A-8AEB-4AF1EE37A19D}.Release|Any CPU.Build.0 = Release|Any CPU
	EndGlobalSection
EndGlobal
